version: 6
environments:
  default:
    channels:
    - url: https://conda.anaconda.org/conda-forge/
    packages:
      osx-64:
      - conda: https://conda.anaconda.org/conda-forge/noarch/annotated-types-0.7.0-pyhd8ed1ab_1.conda
      - conda: https://conda.anaconda.org/conda-forge/noarch/babel-2.17.0-pyhd8ed1ab_0.conda
      - conda: https://conda.anaconda.org/conda-forge/noarch/backrefs-5.8-pyhd8ed1ab_0.conda
      - conda: https://conda.anaconda.org/conda-forge/osx-64/brotli-python-1.1.0-py312h5861a67_2.conda
      - conda: https://conda.anaconda.org/conda-forge/osx-64/bzip2-1.0.8-hfdf4475_7.conda
      - conda: https://conda.anaconda.org/conda-forge/osx-64/ca-certificates-2025.1.31-h8857fd0_0.conda
      - conda: https://conda.anaconda.org/conda-forge/noarch/certifi-2025.1.31-pyhd8ed1ab_0.conda
      - conda: https://conda.anaconda.org/conda-forge/osx-64/cffi-1.17.1-py312hf857d28_0.conda
      - conda: https://conda.anaconda.org/conda-forge/noarch/charset-normalizer-3.4.1-pyhd8ed1ab_0.conda
      - conda: https://conda.anaconda.org/conda-forge/noarch/click-8.1.8-pyh707e725_0.conda
      - conda: https://conda.anaconda.org/conda-forge/noarch/colorama-0.4.6-pyhd8ed1ab_1.conda
      - conda: https://conda.anaconda.org/conda-forge/noarch/ghp-import-2.1.0-pyhd8ed1ab_2.conda
      - conda: https://conda.anaconda.org/conda-forge/noarch/h2-4.2.0-pyhd8ed1ab_0.conda
      - conda: https://conda.anaconda.org/conda-forge/noarch/hpack-4.1.0-pyhd8ed1ab_0.conda
      - conda: https://conda.anaconda.org/conda-forge/noarch/hyperframe-6.1.0-pyhd8ed1ab_0.conda
      - conda: https://conda.anaconda.org/conda-forge/osx-64/icu-75.1-h120a0e1_0.conda
      - conda: https://conda.anaconda.org/conda-forge/noarch/idna-3.10-pyhd8ed1ab_1.conda
      - conda: https://conda.anaconda.org/conda-forge/noarch/importlib-metadata-8.6.1-pyha770c72_0.conda
      - conda: https://conda.anaconda.org/conda-forge/noarch/jinja2-3.1.6-pyhd8ed1ab_0.conda
      - conda: https://conda.anaconda.org/conda-forge/noarch/jsonschema2md-1.3.0-pyhd8ed1ab_1.conda
      - conda: https://conda.anaconda.org/conda-forge/osx-64/libcxx-20.1.3-hf95d169_0.conda
      - conda: https://conda.anaconda.org/conda-forge/osx-64/libexpat-2.7.0-h240833e_0.conda
      - conda: https://conda.anaconda.org/conda-forge/osx-64/libffi-3.4.6-h281671d_1.conda
      - conda: https://conda.anaconda.org/conda-forge/osx-64/liblzma-5.8.1-hd471939_0.conda
      - conda: https://conda.anaconda.org/conda-forge/osx-64/libsqlite-3.49.1-hdb6dae5_2.conda
      - conda: https://conda.anaconda.org/conda-forge/osx-64/libuv-1.50.0-h4cb831e_0.conda
      - conda: https://conda.anaconda.org/conda-forge/osx-64/libzlib-1.3.1-hd23fc13_2.conda
      - conda: https://conda.anaconda.org/conda-forge/noarch/markdown-3.8-pyhd8ed1ab_0.conda
      - conda: https://conda.anaconda.org/conda-forge/osx-64/markupsafe-3.0.2-py312h3520af0_1.conda
      - conda: https://conda.anaconda.org/conda-forge/noarch/mergedeep-1.3.4-pyhd8ed1ab_1.conda
      - conda: https://conda.anaconda.org/conda-forge/noarch/mkdocs-1.6.1-pyhd8ed1ab_1.conda
      - conda: https://conda.anaconda.org/conda-forge/noarch/mkdocs-get-deps-0.2.0-pyhd8ed1ab_1.conda
      - conda: https://conda.anaconda.org/conda-forge/noarch/mkdocs-material-9.6.12-pyhd8ed1ab_0.conda
      - conda: https://conda.anaconda.org/conda-forge/noarch/mkdocs-material-extensions-1.3.1-pyhd8ed1ab_1.conda
      - conda: https://conda.anaconda.org/conda-forge/osx-64/ncurses-6.5-h0622a9a_3.conda
      - conda: https://conda.anaconda.org/conda-forge/osx-64/nodejs-22.13.0-hffbc63d_0.conda
      - conda: https://conda.anaconda.org/conda-forge/osx-64/openssl-3.5.0-hc426f3f_0.conda
      - conda: https://conda.anaconda.org/conda-forge/noarch/packaging-25.0-pyhd8ed1ab_0.conda
      - conda: https://conda.anaconda.org/conda-forge/noarch/paginate-0.5.7-pyhd8ed1ab_1.conda
      - conda: https://conda.anaconda.org/conda-forge/noarch/pathspec-0.12.1-pyhd8ed1ab_1.conda
      - conda: https://conda.anaconda.org/conda-forge/noarch/pip-25.0.1-pyh8b19718_0.conda
      - conda: https://conda.anaconda.org/conda-forge/noarch/platformdirs-4.3.7-pyh29332c3_0.conda
      - conda: https://conda.anaconda.org/conda-forge/noarch/pycparser-2.22-pyh29332c3_1.conda
      - conda: https://conda.anaconda.org/conda-forge/noarch/pydantic-2.11.3-pyh3cfb1c2_0.conda
      - conda: https://conda.anaconda.org/conda-forge/osx-64/pydantic-core-2.33.1-py312hb59e30e_0.conda
      - conda: https://conda.anaconda.org/conda-forge/noarch/pygments-2.19.1-pyhd8ed1ab_0.conda
      - conda: https://conda.anaconda.org/conda-forge/noarch/pymdown-extensions-10.14.3-pyhd8ed1ab_0.conda
      - conda: https://conda.anaconda.org/conda-forge/noarch/pysocks-1.7.1-pyha55dd90_7.conda
      - conda: https://conda.anaconda.org/conda-forge/osx-64/python-3.12.10-h9ccd52b_0_cpython.conda
      - conda: https://conda.anaconda.org/conda-forge/noarch/python-dateutil-2.9.0.post0-pyhff2d567_1.conda
      - conda: https://conda.anaconda.org/conda-forge/osx-64/python_abi-3.12-6_cp312.conda
      - conda: https://conda.anaconda.org/conda-forge/noarch/pytz-2025.2-pyhd8ed1ab_0.conda
      - conda: https://conda.anaconda.org/conda-forge/osx-64/pyyaml-6.0.1-py312h104f124_1.conda
      - conda: https://conda.anaconda.org/conda-forge/noarch/pyyaml-env-tag-0.1-pyhd8ed1ab_1.conda
      - conda: https://conda.anaconda.org/conda-forge/osx-64/readline-8.2-h7cca4af_2.conda
      - conda: https://conda.anaconda.org/conda-forge/noarch/requests-2.32.3-pyhd8ed1ab_1.conda
      - conda: https://conda.anaconda.org/conda-forge/noarch/setuptools-79.0.0-pyhff2d567_0.conda
      - conda: https://conda.anaconda.org/conda-forge/noarch/six-1.17.0-pyhd8ed1ab_0.conda
      - conda: https://conda.anaconda.org/conda-forge/osx-64/tk-8.6.13-h1abcd95_1.conda
      - conda: https://conda.anaconda.org/conda-forge/noarch/typing-extensions-4.13.2-h0e9735f_0.conda
      - conda: https://conda.anaconda.org/conda-forge/noarch/typing-inspection-0.4.0-pyhd8ed1ab_0.conda
      - conda: https://conda.anaconda.org/conda-forge/noarch/typing_extensions-4.13.2-pyh29332c3_0.conda
      - conda: https://conda.anaconda.org/conda-forge/noarch/tzdata-2025b-h78e105d_0.conda
      - conda: https://conda.anaconda.org/conda-forge/noarch/urllib3-2.4.0-pyhd8ed1ab_0.conda
      - conda: https://conda.anaconda.org/conda-forge/osx-64/watchdog-6.0.0-py312h01d7ebd_0.conda
      - conda: https://conda.anaconda.org/conda-forge/noarch/wheel-0.45.1-pyhd8ed1ab_1.conda
      - conda: https://conda.anaconda.org/conda-forge/osx-64/yaml-0.2.5-h0d85af4_2.tar.bz2
      - conda: https://conda.anaconda.org/conda-forge/noarch/zipp-3.21.0-pyhd8ed1ab_1.conda
      - conda: https://conda.anaconda.org/conda-forge/osx-64/zlib-1.3.1-hd23fc13_2.conda
      - conda: https://conda.anaconda.org/conda-forge/osx-64/zstandard-0.23.0-py312h01d7ebd_1.conda
packages:
- conda: https://conda.anaconda.org/conda-forge/noarch/annotated-types-0.7.0-pyhd8ed1ab_1.conda
  sha256: e0ea1ba78fbb64f17062601edda82097fcf815012cf52bb704150a2668110d48
  md5: 2934f256a8acfe48f6ebb4fce6cde29c
  depends:
  - python >=3.9
  - typing-extensions >=4.0.0
  license: MIT
  license_family: MIT
  size: 18074
  timestamp: 1733247158254
- conda: https://conda.anaconda.org/conda-forge/noarch/babel-2.17.0-pyhd8ed1ab_0.conda
  sha256: 1c656a35800b7f57f7371605bc6507c8d3ad60fbaaec65876fce7f73df1fc8ac
  md5: 0a01c169f0ab0f91b26e77a3301fbfe4
  depends:
  - python >=3.9
  - pytz >=2015.7
  license: BSD-3-Clause
  license_family: BSD
  size: 6938256
  timestamp: 1738490268466
- conda: https://conda.anaconda.org/conda-forge/noarch/backrefs-5.8-pyhd8ed1ab_0.conda
  sha256: 3a0af23d357a07154645c41d035a4efbd15b7a642db397fa9ea0193fd58ae282
  md5: b16e2595d3a9042aa9d570375978835f
  depends:
  - python >=3.9
  license: MIT
  license_family: MIT
  size: 143810
  timestamp: 1740887689966
- conda: https://conda.anaconda.org/conda-forge/osx-64/brotli-python-1.1.0-py312h5861a67_2.conda
  sha256: 265764ff4ad9e5cfefe7ea85c53d95157bf16ac2c0e5f190c528e4c9c0c1e2d0
  md5: b95025822e43128835826ec0cc45a551
  depends:
  - __osx >=10.13
  - libcxx >=17
  - python >=3.12,<3.13.0a0
  - python_abi 3.12.* *_cp312
  constrains:
  - libbrotlicommon 1.1.0 h00291cd_2
  license: MIT
  license_family: MIT
  size: 363178
  timestamp: 1725267893889
- conda: https://conda.anaconda.org/conda-forge/osx-64/bzip2-1.0.8-hfdf4475_7.conda
  sha256: cad153608b81fb24fc8c509357daa9ae4e49dfc535b2cb49b91e23dbd68fc3c5
  md5: 7ed4301d437b59045be7e051a0308211
  depends:
  - __osx >=10.13
  license: bzip2-1.0.6
  license_family: BSD
  size: 134188
  timestamp: 1720974491916
- conda: https://conda.anaconda.org/conda-forge/osx-64/ca-certificates-2025.1.31-h8857fd0_0.conda
  sha256: 42e911ee2d8808eacedbec46d99b03200a6138b8e8a120bd8acabe1cac41c63b
  md5: 3418b6c8cac3e71c0bc089fc5ea53042
  license: ISC
  size: 158408
  timestamp: 1738298385933
- conda: https://conda.anaconda.org/conda-forge/noarch/certifi-2025.1.31-pyhd8ed1ab_0.conda
  sha256: 42a78446da06a2568cb13e69be3355169fbd0ea424b00fc80b7d840f5baaacf3
  md5: c207fa5ac7ea99b149344385a9c0880d
  depends:
  - python >=3.9
  license: ISC
  size: 162721
  timestamp: 1739515973129
- conda: https://conda.anaconda.org/conda-forge/osx-64/cffi-1.17.1-py312hf857d28_0.conda
  sha256: 94fe49aed25d84997e2630d6e776a75ee2a85bd64f258702c57faa4fe2986902
  md5: 5bbc69b8194fedc2792e451026cac34f
  depends:
  - __osx >=10.13
  - libffi >=3.4,<4.0a0
  - pycparser
  - python >=3.12,<3.13.0a0
  - python_abi 3.12.* *_cp312
  license: MIT
  license_family: MIT
  size: 282425
  timestamp: 1725560725144
- conda: https://conda.anaconda.org/conda-forge/noarch/charset-normalizer-3.4.1-pyhd8ed1ab_0.conda
  sha256: 4e0ee91b97e5de3e74567bdacea27f0139709fceca4db8adffbe24deffccb09b
  md5: e83a31202d1c0a000fce3e9cf3825875
  depends:
  - python >=3.9
  license: MIT
  license_family: MIT
  size: 47438
  timestamp: 1735929811779
- conda: https://conda.anaconda.org/conda-forge/noarch/click-8.1.8-pyh707e725_0.conda
  sha256: c920d23cd1fcf565031c679adb62d848af60d6fbb0edc2d50ba475cea4f0d8ab
  md5: f22f4d4970e09d68a10b922cbb0408d3
  depends:
  - __unix
  - python >=3.9
  license: BSD-3-Clause
  license_family: BSD
  size: 84705
  timestamp: 1734858922844
- conda: https://conda.anaconda.org/conda-forge/noarch/colorama-0.4.6-pyhd8ed1ab_1.conda
  sha256: ab29d57dc70786c1269633ba3dff20288b81664d3ff8d21af995742e2bb03287
  md5: 962b9857ee8e7018c22f2776ffa0b2d7
  depends:
  - python >=3.9
  license: BSD-3-Clause
  license_family: BSD
  size: 27011
  timestamp: 1733218222191
- conda: https://conda.anaconda.org/conda-forge/noarch/ghp-import-2.1.0-pyhd8ed1ab_2.conda
  sha256: 40fdf5a9d5cc7a3503cd0c33e1b90b1e6eab251aaaa74e6b965417d089809a15
  md5: 93f742fe078a7b34c29a182958d4d765
  depends:
  - python >=3.9
  - python-dateutil >=2.8.1
  license: Apache-2.0
  license_family: APACHE
  size: 16538
  timestamp: 1734344477841
- conda: https://conda.anaconda.org/conda-forge/noarch/h2-4.2.0-pyhd8ed1ab_0.conda
  sha256: 0aa1cdc67a9fe75ea95b5644b734a756200d6ec9d0dff66530aec3d1c1e9df75
  md5: b4754fb1bdcb70c8fd54f918301582c6
  depends:
  - hpack >=4.1,<5
  - hyperframe >=6.1,<7
  - python >=3.9
  license: MIT
  license_family: MIT
  size: 53888
  timestamp: 1738578623567
- conda: https://conda.anaconda.org/conda-forge/noarch/hpack-4.1.0-pyhd8ed1ab_0.conda
  sha256: 6ad78a180576c706aabeb5b4c8ceb97c0cb25f1e112d76495bff23e3779948ba
  md5: 0a802cb9888dd14eeefc611f05c40b6e
  depends:
  - python >=3.9
  license: MIT
  license_family: MIT
  size: 30731
  timestamp: 1737618390337
- conda: https://conda.anaconda.org/conda-forge/noarch/hyperframe-6.1.0-pyhd8ed1ab_0.conda
  sha256: 77af6f5fe8b62ca07d09ac60127a30d9069fdc3c68d6b256754d0ffb1f7779f8
  md5: 8e6923fc12f1fe8f8c4e5c9f343256ac
  depends:
  - python >=3.9
  license: MIT
  license_family: MIT
  size: 17397
  timestamp: 1737618427549
- conda: https://conda.anaconda.org/conda-forge/osx-64/icu-75.1-h120a0e1_0.conda
  sha256: 2e64307532f482a0929412976c8450c719d558ba20c0962832132fd0d07ba7a7
  md5: d68d48a3060eb5abdc1cdc8e2a3a5966
  depends:
  - __osx >=10.13
  license: MIT
  license_family: MIT
  size: 11761697
  timestamp: 1720853679409
- conda: https://conda.anaconda.org/conda-forge/noarch/idna-3.10-pyhd8ed1ab_1.conda
  sha256: d7a472c9fd479e2e8dcb83fb8d433fce971ea369d704ece380e876f9c3494e87
  md5: 39a4f67be3286c86d696df570b1201b7
  depends:
  - python >=3.9
  license: BSD-3-Clause
  license_family: BSD
  size: 49765
  timestamp: 1733211921194
- conda: https://conda.anaconda.org/conda-forge/noarch/importlib-metadata-8.6.1-pyha770c72_0.conda
  sha256: 598951ebdb23e25e4cec4bbff0ae369cec65ead80b50bc08b441d8e54de5cf03
  md5: f4b39bf00c69f56ac01e020ebfac066c
  depends:
  - python >=3.9
  - zipp >=0.5
  license: Apache-2.0
  license_family: APACHE
  size: 29141
  timestamp: 1737420302391
- conda: https://conda.anaconda.org/conda-forge/noarch/jinja2-3.1.6-pyhd8ed1ab_0.conda
  sha256: f1ac18b11637ddadc05642e8185a851c7fab5998c6f5470d716812fae943b2af
  md5: 446bd6c8cb26050d528881df495ce646
  depends:
  - markupsafe >=2.0
  - python >=3.9
  license: BSD-3-Clause
  license_family: BSD
  size: 112714
  timestamp: 1741263433881
- conda: https://conda.anaconda.org/conda-forge/noarch/jsonschema2md-1.3.0-pyhd8ed1ab_1.conda
  sha256: f5c0038b9d5d4e065d8af35d5bbe3cabcd3fafaa3decd20b7573d662e8abcc59
  md5: 1ffcfc13489e47d8829ffe3513a5d496
  depends:
  - python >=3.9,<4
  - pyyaml 6.0.1.*
  license: Apache-2.0
  license_family: APACHE
  size: 16600
  timestamp: 1737445171283
- conda: https://conda.anaconda.org/conda-forge/osx-64/libcxx-20.1.3-hf95d169_0.conda
  sha256: a4b493e0f76b20ff14e0f1f93c92882663c4f23c4488d8de3f6bbf1311b9c41e
  md5: 022f109787a9624301ddbeb39519ff13
  depends:
  - __osx >=10.13
  license: Apache-2.0 WITH LLVM-exception
  license_family: Apache
  size: 560376
  timestamp: 1744843903291
- conda: https://conda.anaconda.org/conda-forge/osx-64/libexpat-2.7.0-h240833e_0.conda
  sha256: 976f2e23ad2bb2b8e92c99bfa2ead3ad557b17a129b170f7e2dfcf233193dd7e
  md5: 026d0a1056ba2a3dbbea6d4b08188676
  depends:
  - __osx >=10.13
  constrains:
  - expat 2.7.0.*
  license: MIT
  license_family: MIT
  size: 71894
  timestamp: 1743431912423
- conda: https://conda.anaconda.org/conda-forge/osx-64/libffi-3.4.6-h281671d_1.conda
  sha256: 6394b1bc67c64a21a5cc73d1736d1d4193a64515152e861785c44d2cfc49edf3
  md5: 4ca9ea59839a9ca8df84170fab4ceb41
  depends:
  - __osx >=10.13
  license: MIT
  license_family: MIT
  size: 51216
  timestamp: 1743434595269
- conda: https://conda.anaconda.org/conda-forge/osx-64/liblzma-5.8.1-hd471939_0.conda
  sha256: 3369b8ef0b544d17aebc530a687c0480051e825e8ffcd001b1a5f594fe276159
  md5: 8e1197f652c67e87a9ece738d82cef4f
  depends:
  - __osx >=10.13
  license: 0BSD
  size: 104689
  timestamp: 1743771137842
- conda: https://conda.anaconda.org/conda-forge/osx-64/libsqlite-3.49.1-hdb6dae5_2.conda
  sha256: 82695c9b16a702de615c8303387384c6ec5cf8b98e16458e5b1935b950e4ec38
  md5: 1819e770584a7e83a81541d8253cbabe
  depends:
  - __osx >=10.13
  - libzlib >=1.3.1,<2.0a0
  license: Unlicense
  size: 977701
  timestamp: 1742083869897
- conda: https://conda.anaconda.org/conda-forge/osx-64/libuv-1.50.0-h4cb831e_0.conda
  sha256: ec9da0a005c668c0964e0a6546c21416bab608569b5863edbdf135cee26e67d8
  md5: c86c7473f79a3c06de468b923416aa23
  depends:
  - __osx >=11.0
  license: MIT
  license_family: MIT
  size: 420128
  timestamp: 1737016791074
- conda: https://conda.anaconda.org/conda-forge/osx-64/libzlib-1.3.1-hd23fc13_2.conda
  sha256: 8412f96504fc5993a63edf1e211d042a1fd5b1d51dedec755d2058948fcced09
  md5: 003a54a4e32b02f7355b50a837e699da
  depends:
  - __osx >=10.13
  constrains:
  - zlib 1.3.1 *_2
  license: Zlib
  license_family: Other
  size: 57133
  timestamp: 1727963183990
- conda: https://conda.anaconda.org/conda-forge/noarch/markdown-3.8-pyhd8ed1ab_0.conda
  sha256: 04c3f45b1390ee24d3c088d3dbaa20473311d99e1c3ba73099efdf91e2ae2bd3
  md5: 016103aab3842859e6702d7f8bbb0a54
  depends:
  - importlib-metadata >=4.4
  - python >=3.9
  license: BSD-3-Clause
  license_family: BSD
  size: 80015
  timestamp: 1744984620627
- conda: https://conda.anaconda.org/conda-forge/osx-64/markupsafe-3.0.2-py312h3520af0_1.conda
  sha256: d521e272f7789ca62e7617058a4ea3bd79efa73de1a39732df209ca5299e64e2
  md5: 32d6bc2407685d7e2d8db424f42018c6
  depends:
  - __osx >=10.13
  - python >=3.12,<3.13.0a0
  - python_abi 3.12.* *_cp312
  constrains:
  - jinja2 >=3.0.0
  license: BSD-3-Clause
  license_family: BSD
  size: 23888
  timestamp: 1733219886634
- conda: https://conda.anaconda.org/conda-forge/noarch/mergedeep-1.3.4-pyhd8ed1ab_1.conda
  sha256: e5b555fd638334a253d83df14e3c913ef8ce10100090e17fd6fb8e752d36f95d
  md5: d9a8fc1f01deae61735c88ec242e855c
  depends:
  - python >=3.9
  license: MIT
  license_family: MIT
  size: 11676
  timestamp: 1734157119152
- conda: https://conda.anaconda.org/conda-forge/noarch/mkdocs-1.6.1-pyhd8ed1ab_1.conda
  sha256: 902d2e251f9a7ffa7d86a3e62be5b2395e28614bd4dbe5f50acf921fd64a8c35
  md5: 14661160be39d78f2b210f2cc2766059
  depends:
  - click >=7.0
  - colorama >=0.4
  - ghp-import >=1.0
  - importlib-metadata >=4.4
  - jinja2 >=2.11.1
  - markdown >=3.3.6
  - markupsafe >=2.0.1
  - mergedeep >=1.3.4
  - mkdocs-get-deps >=0.2.0
  - packaging >=20.5
  - pathspec >=0.11.1
  - python >=3.9
  - pyyaml >=5.1
  - pyyaml-env-tag >=0.1
  - watchdog >=2.0
  constrains:
  - babel >=2.9.0
  license: BSD-2-Clause
  license_family: BSD
  size: 3524754
  timestamp: 1734344673481
- conda: https://conda.anaconda.org/conda-forge/noarch/mkdocs-get-deps-0.2.0-pyhd8ed1ab_1.conda
  sha256: e0b501b96f7e393757fb2a61d042015966f6c5e9ac825925e43f9a6eafa907b6
  md5: 84382acddb26c27c70f2de8d4c830830
  depends:
  - importlib-metadata >=4.3
  - mergedeep >=1.3.4
  - platformdirs >=2.2.0
  - python >=3.9
  - pyyaml >=5.1
  license: MIT
  license_family: MIT
  size: 14757
  timestamp: 1734353035244
- conda: https://conda.anaconda.org/conda-forge/noarch/mkdocs-material-9.6.12-pyhd8ed1ab_0.conda
  sha256: 66217a31b498eb9e2007648d7ee0a6154e1da9cace2b3c683a291dc17209853a
  md5: ad382150db7ea32cce320fbb35441203
  depends:
  - babel >=2.10,<3.dev0
  - backrefs >=5.7.post1,<6.dev0
  - colorama >=0.4,<1.dev0
  - jinja2 >=3.0,<4.dev0
  - markdown >=3.2,<4.dev0
  - mkdocs >=1.6,<2.dev0
  - mkdocs-material-extensions >=1.3,<2.dev0
  - paginate >=0.5,<1.dev0
  - pygments >=2.16,<3.dev0
  - pymdown-extensions >=10.2,<11.dev0
  - python >=3.9
  - requests >=2.26,<3.dev0
  license: MIT
  license_family: MIT
  size: 4925891
  timestamp: 1744907330788
- conda: https://conda.anaconda.org/conda-forge/noarch/mkdocs-material-extensions-1.3.1-pyhd8ed1ab_1.conda
  sha256: f62955d40926770ab65cc54f7db5fde6c073a3ba36a0787a7a5767017da50aa3
  md5: de8af4000a4872e16fb784c649679c8e
  depends:
  - python >=3.9
  constrains:
  - mkdocs-material >=5.0.0
  license: MIT
  license_family: MIT
  size: 16122
  timestamp: 1734641109286
- conda: https://conda.anaconda.org/conda-forge/osx-64/ncurses-6.5-h0622a9a_3.conda
  sha256: ea4a5d27ded18443749aefa49dc79f6356da8506d508b5296f60b8d51e0c4bd9
  md5: ced34dd9929f491ca6dab6a2927aff25
  depends:
  - __osx >=10.13
  license: X11 AND BSD-3-Clause
  size: 822259
  timestamp: 1738196181298
- conda: https://conda.anaconda.org/conda-forge/osx-64/nodejs-22.13.0-hffbc63d_0.conda
  sha256: 24afdefa36b68ec1a8159891ed458a7c79b81b35953b9028de142ce640b578b0
  md5: 74b4d1661ede30e27fdafb0ddb49e13d
  depends:
  - __osx >=10.15
  - icu >=75.1,<76.0a0
  - libcxx >=18
  - libuv >=1.50.0,<2.0a0
  - libzlib >=1.3.1,<2.0a0
  - openssl >=3.4.0,<4.0a0
  - zlib
  license: MIT
  license_family: MIT
  size: 15878764
  timestamp: 1737395834264
- conda: https://conda.anaconda.org/conda-forge/osx-64/openssl-3.5.0-hc426f3f_0.conda
  sha256: 7ee137b67f2de89d203e5ac2ebffd6d42252700005bf6af2bbf3dc11a9dfedbd
  md5: e06e13c34056b6334a7a1188b0f4c83c
  depends:
  - __osx >=10.13
  - ca-certificates
  license: Apache-2.0
  license_family: Apache
  size: 2737547
  timestamp: 1744140967264
- conda: https://conda.anaconda.org/conda-forge/noarch/packaging-25.0-pyhd8ed1ab_0.conda
  sha256: f759df4f492ae481505dcceb3d4485a120ee798af26711c92de20944a1185621
  md5: 4088c0d078e2f5092ddf824495186229
  depends:
  - python >=3.8
  license: Apache-2.0
  size: 61525
  timestamp: 1745075800980
- conda: https://conda.anaconda.org/conda-forge/noarch/paginate-0.5.7-pyhd8ed1ab_1.conda
  sha256: f6fef1b43b0d3d92476e1870c08d7b9c229aebab9a0556b073a5e1641cf453bd
  md5: c3f35453097faf911fd3f6023fc2ab24
  depends:
  - python >=3.9
  license: MIT
  license_family: MIT
  size: 18865
  timestamp: 1734618649164
- conda: https://conda.anaconda.org/conda-forge/noarch/pathspec-0.12.1-pyhd8ed1ab_1.conda
  sha256: 9f64009cdf5b8e529995f18e03665b03f5d07c0b17445b8badef45bde76249ee
  md5: 617f15191456cc6a13db418a275435e5
  depends:
  - python >=3.9
  license: MPL-2.0
  license_family: MOZILLA
  size: 41075
  timestamp: 1733233471940
- conda: https://conda.anaconda.org/conda-forge/noarch/pip-25.0.1-pyh8b19718_0.conda
  sha256: 585940f09d87787f79f73ff5dff8eb2af8a67e5bec5eebf2f553cd26c840ba69
  md5: 79b5c1440aedc5010f687048d9103628
  depends:
  - python >=3.9,<3.13.0a0
  - setuptools
  - wheel
  license: MIT
  license_family: MIT
  size: 1256460
  timestamp: 1739142857253
- conda: https://conda.anaconda.org/conda-forge/noarch/platformdirs-4.3.7-pyh29332c3_0.conda
  sha256: ae7d3e58224d53d6b59e1f5ac5809803bb1972f0ac4fb10cd9b8c87d4122d3e0
  md5: e57da6fe54bb3a5556cf36d199ff07d8
  depends:
  - python >=3.9
  - python
  license: MIT
  license_family: MIT
  size: 23291
  timestamp: 1742485085457
- conda: https://conda.anaconda.org/conda-forge/noarch/pycparser-2.22-pyh29332c3_1.conda
  sha256: 79db7928d13fab2d892592223d7570f5061c192f27b9febd1a418427b719acc6
  md5: 12c566707c80111f9799308d9e265aef
  depends:
  - python >=3.9
  - python
  license: BSD-3-Clause
  license_family: BSD
  size: 110100
  timestamp: 1733195786147
- conda: https://conda.anaconda.org/conda-forge/noarch/pydantic-2.11.3-pyh3cfb1c2_0.conda
  sha256: 89183785b09ebe9f9e65710057d7c41e9d21d4a9ad05e068850e18669655d5a8
  md5: 3c6f7f8ae9b9c177ad91ccc187912756
  depends:
  - annotated-types >=0.6.0
  - pydantic-core 2.33.1
  - python >=3.9
  - typing-extensions >=4.6.1
  - typing-inspection >=0.4.0
  - typing_extensions >=4.12.2
  license: MIT
  license_family: MIT
  size: 306616
  timestamp: 1744192311966
- conda: https://conda.anaconda.org/conda-forge/osx-64/pydantic-core-2.33.1-py312hb59e30e_0.conda
  sha256: 3200fd7360a14521c35c2299209e45b69c124f31c1cbc71682bfe4274b288f16
  md5: dce8522b4045040481ec9693c56939dc
  depends:
  - python
  - typing-extensions >=4.6.0,!=4.7.0
  - __osx >=10.13
  - python_abi 3.12.* *_cp312
  constrains:
  - __osx >=10.13
  license: MIT
  license_family: MIT
  size: 1875908
  timestamp: 1743607647739
- conda: https://conda.anaconda.org/conda-forge/noarch/pygments-2.19.1-pyhd8ed1ab_0.conda
  sha256: 28a3e3161390a9d23bc02b4419448f8d27679d9e2c250e29849e37749c8de86b
  md5: 232fb4577b6687b2d503ef8e254270c9
  depends:
  - python >=3.9
  license: BSD-2-Clause
  license_family: BSD
  size: 888600
  timestamp: 1736243563082
- conda: https://conda.anaconda.org/conda-forge/noarch/pymdown-extensions-10.14.3-pyhd8ed1ab_0.conda
  sha256: 83b638059eda5208e2e4acfeecf2ff53b5dcb1adc7d85fc92edf0e7a48b943eb
  md5: 08bf3657d03e1ee964c66288f5b3d797
  depends:
  - markdown >=3.6
  - python >=3.9
  - pyyaml
  license: MIT
  license_family: MIT
  size: 168695
  timestamp: 1738439213597
- conda: https://conda.anaconda.org/conda-forge/noarch/pysocks-1.7.1-pyha55dd90_7.conda
  sha256: ba3b032fa52709ce0d9fd388f63d330a026754587a2f461117cac9ab73d8d0d8
  md5: 461219d1a5bd61342293efa2c0c90eac
  depends:
  - __unix
  - python >=3.9
  license: BSD-3-Clause
  license_family: BSD
  size: 21085
  timestamp: 1733217331982
- conda: https://conda.anaconda.org/conda-forge/osx-64/python-3.12.10-h9ccd52b_0_cpython.conda
  sha256: 94835a129330dc1b2f645e12c7857a1aa4246e51777d7a9b7c280747dbb5a9a2
  md5: 597c4102c97504ede5297d06fb763951
  depends:
  - __osx >=10.13
  - bzip2 >=1.0.8,<2.0a0
  - libexpat >=2.7.0,<3.0a0
  - libffi >=3.4.6,<3.5.0a0
  - liblzma >=5.8.1,<6.0a0
  - libsqlite >=3.49.1,<4.0a0
  - libzlib >=1.3.1,<2.0a0
  - ncurses >=6.5,<7.0a0
  - openssl >=3.5.0,<4.0a0
  - readline >=8.2,<9.0a0
  - tk >=8.6.13,<8.7.0a0
  - tzdata
  constrains:
  - python_abi 3.12.* *_cp312
  license: Python-2.0
  size: 13783219
  timestamp: 1744324415187
- conda: https://conda.anaconda.org/conda-forge/noarch/python-dateutil-2.9.0.post0-pyhff2d567_1.conda
  sha256: a50052536f1ef8516ed11a844f9413661829aa083304dc624c5925298d078d79
  md5: 5ba79d7c71f03c678c8ead841f347d6e
  depends:
  - python >=3.9
  - six >=1.5
  license: Apache-2.0
  license_family: APACHE
  size: 222505
  timestamp: 1733215763718
- conda: https://conda.anaconda.org/conda-forge/osx-64/python_abi-3.12-6_cp312.conda
  build_number: 6
  sha256: abbe800dc60cfe459be68a4f3fd946b09ae573c586efb3396ee48634ee3723ad
  md5: e6096b1328952bbe07342f8927940ea9
  constrains:
  - python 3.12.* *_cpython
  license: BSD-3-Clause
  license_family: BSD
  size: 6929
  timestamp: 1743483235505
- conda: https://conda.anaconda.org/conda-forge/noarch/pytz-2025.2-pyhd8ed1ab_0.conda
  sha256: 8d2a8bf110cc1fc3df6904091dead158ba3e614d8402a83e51ed3a8aa93cdeb0
  md5: bc8e3267d44011051f2eb14d22fb0960
  depends:
  - python >=3.9
  license: MIT
  license_family: MIT
  size: 189015
  timestamp: 1742920947249
- conda: https://conda.anaconda.org/conda-forge/osx-64/pyyaml-6.0.1-py312h104f124_1.conda
  sha256: 04aa180782cb675b960c0bf4aad439b4a7a08553c6af74d0b8e5df9a0c7cc4f4
  md5: 260ed90aaf06061edabd7209638cf03b
  depends:
  - python >=3.12.0rc3,<3.13.0a0
  - python_abi 3.12.* *_cp312
  - yaml >=0.2.5,<0.3.0a0
  license: MIT
  license_family: MIT
  size: 185636
  timestamp: 1695373742454
- conda: https://conda.anaconda.org/conda-forge/noarch/pyyaml-env-tag-0.1-pyhd8ed1ab_1.conda
  sha256: 313b597524729b9df052a3a15750df53f9a6a020dbe322a38c0995227e40ee8c
  md5: 02a556b5c344b576bbb7ad2a2c6f2246
  depends:
  - python >=3.9
  - pyyaml
  license: MIT
  license_family: MIT
  size: 9940
  timestamp: 1734344363898
- conda: https://conda.anaconda.org/conda-forge/osx-64/readline-8.2-h7cca4af_2.conda
  sha256: 53017e80453c4c1d97aaf78369040418dea14cf8f46a2fa999f31bd70b36c877
  md5: 342570f8e02f2f022147a7f841475784
  depends:
  - ncurses >=6.5,<7.0a0
  license: GPL-3.0-only
  license_family: GPL
  size: 256712
  timestamp: 1740379577668
- conda: https://conda.anaconda.org/conda-forge/noarch/requests-2.32.3-pyhd8ed1ab_1.conda
  sha256: d701ca1136197aa121bbbe0e8c18db6b5c94acbd041c2b43c70e5ae104e1d8ad
  md5: a9b9368f3701a417eac9edbcae7cb737
  depends:
  - certifi >=2017.4.17
  - charset-normalizer >=2,<4
  - idna >=2.5,<4
  - python >=3.9
  - urllib3 >=1.21.1,<3
  constrains:
  - chardet >=3.0.2,<6
  license: Apache-2.0
  license_family: APACHE
  size: 58723
  timestamp: 1733217126197
- conda: https://conda.anaconda.org/conda-forge/noarch/setuptools-79.0.0-pyhff2d567_0.conda
  sha256: b0415e169a4b39ebe4fbbbb224a45607dcceb77162761dfd8bb94533a6ff9f97
  md5: 36c8697843eb7573fe3dde0e36193a06
  depends:
  - python >=3.9
  license: MIT
  license_family: MIT
  size: 787746
  timestamp: 1745258095343
- conda: https://conda.anaconda.org/conda-forge/noarch/six-1.17.0-pyhd8ed1ab_0.conda
  sha256: 41db0180680cc67c3fa76544ffd48d6a5679d96f4b71d7498a759e94edc9a2db
  md5: a451d576819089b0d672f18768be0f65
  depends:
  - python >=3.9
  license: MIT
  license_family: MIT
  size: 16385
  timestamp: 1733381032766
- conda: https://conda.anaconda.org/conda-forge/osx-64/tk-8.6.13-h1abcd95_1.conda
  sha256: 30412b2e9de4ff82d8c2a7e5d06a15f4f4fef1809a72138b6ccb53a33b26faf5
  md5: bf830ba5afc507c6232d4ef0fb1a882d
  depends:
  - libzlib >=1.2.13,<2.0.0a0
  license: TCL
  license_family: BSD
  size: 3270220
  timestamp: 1699202389792
- conda: https://conda.anaconda.org/conda-forge/noarch/typing-extensions-4.13.2-h0e9735f_0.conda
  sha256: 4865fce0897d3cb0ffc8998219157a8325f6011c136e6fd740a9a6b169419296
  md5: 568ed1300869dca0ba09fb750cda5dbb
  depends:
  - typing_extensions ==4.13.2 pyh29332c3_0
  license: PSF-2.0
  license_family: PSF
  size: 89900
  timestamp: 1744302253997
- conda: https://conda.anaconda.org/conda-forge/noarch/typing-inspection-0.4.0-pyhd8ed1ab_0.conda
  sha256: 172f971d70e1dbb978f6061d3f72be463d0f629155338603450d8ffe87cbf89d
  md5: c5c76894b6b7bacc888ba25753bc8677
  depends:
  - python >=3.9
  - typing_extensions >=4.12.0
  license: MIT
  license_family: MIT
  size: 18070
  timestamp: 1741438157162
- conda: https://conda.anaconda.org/conda-forge/noarch/typing_extensions-4.13.2-pyh29332c3_0.conda
  sha256: a8aaf351e6461de0d5d47e4911257e25eec2fa409d71f3b643bb2f748bde1c08
  md5: 83fc6ae00127671e301c9f44254c31b8
  depends:
  - python >=3.9
  - python
  license: PSF-2.0
  license_family: PSF
  size: 52189
  timestamp: 1744302253997
- conda: https://conda.anaconda.org/conda-forge/noarch/tzdata-2025b-h78e105d_0.conda
  sha256: 5aaa366385d716557e365f0a4e9c3fca43ba196872abbbe3d56bb610d131e192
  md5: 4222072737ccff51314b5ece9c7d6f5a
  license: LicenseRef-Public-Domain
  size: 122968
  timestamp: 1742727099393
- conda: https://conda.anaconda.org/conda-forge/noarch/urllib3-2.4.0-pyhd8ed1ab_0.conda
  sha256: a25403b76f7f03ca1a906e1ef0f88521edded991b9897e7fed56a3e334b3db8c
  md5: c1e349028e0052c4eea844e94f773065
  depends:
  - brotli-python >=1.0.9
  - h2 >=4,<5
  - pysocks >=1.5.6,<2.0,!=1.5.7
  - python >=3.9
  - zstandard >=0.18.0
  license: MIT
  license_family: MIT
  size: 100791
  timestamp: 1744323705540
- conda: https://conda.anaconda.org/conda-forge/osx-64/watchdog-6.0.0-py312h01d7ebd_0.conda
  sha256: 81ca10842962d6d8d18cb58f36f365e85a916fdf5fe7ac98351eafdfcd3c1030
  md5: 6bf329e9cdc3e6d65c0d11a43eca6e21
  depends:
  - __osx >=10.13
  - python >=3.12,<3.13.0a0
  - python_abi 3.12.* *_cp312
  - pyyaml >=3.10
  license: Apache-2.0
  license_family: APACHE
  size: 148305
  timestamp: 1730493092622
- conda: https://conda.anaconda.org/conda-forge/noarch/wheel-0.45.1-pyhd8ed1ab_1.conda
  sha256: 1b34021e815ff89a4d902d879c3bd2040bc1bd6169b32e9427497fa05c55f1ce
  md5: 75cb7132eb58d97896e173ef12ac9986
  depends:
  - python >=3.9
  license: MIT
  license_family: MIT
  size: 62931
  timestamp: 1733130309598
- conda: https://conda.anaconda.org/conda-forge/osx-64/yaml-0.2.5-h0d85af4_2.tar.bz2
  sha256: 5301417e2c8dea45b401ffee8df3957d2447d4ce80c83c5ff151fc6bfe1c4148
  md5: d7e08fcf8259d742156188e8762b4d20
  license: MIT
  license_family: MIT
  size: 84237
  timestamp: 1641347062780
- conda: https://conda.anaconda.org/conda-forge/noarch/zipp-3.21.0-pyhd8ed1ab_1.conda
  sha256: 567c04f124525c97a096b65769834b7acb047db24b15a56888a322bf3966c3e1
  md5: 0c3cc595284c5e8f0f9900a9b228a332
  depends:
  - python >=3.9
  license: MIT
  license_family: MIT
  size: 21809
  timestamp: 1732827613585
- conda: https://conda.anaconda.org/conda-forge/osx-64/zlib-1.3.1-hd23fc13_2.conda
  sha256: 219edbdfe7f073564375819732cbf7cc0d7c7c18d3f546a09c2dfaf26e4d69f3
  md5: c989e0295dcbdc08106fe5d9e935f0b9
  depends:
  - __osx >=10.13
  - libzlib 1.3.1 hd23fc13_2
  license: Zlib
  license_family: Other
  size: 88544
  timestamp: 1727963189976
- conda: https://conda.anaconda.org/conda-forge/osx-64/zstandard-0.23.0-py312h01d7ebd_1.conda
  sha256: 5d2635e81ff5d61c87383c62824988154acefeae63f408d03dbefcb80cba5f02
  md5: 493516415601e57f73bda23e91dda742
  depends:
  - __osx >=10.13
  - cffi >=1.11
  - python >=3.12,<3.13.0a0
  - python_abi 3.12.* *_cp312
  license: BSD-3-Clause
  license_family: BSD
  size: 688202
  timestamp: 1741853531183
